// !$*UTF8*$!
{
	archiveVersion = 1;
	classes = {
	};
	objectVersion = 48;
	objects = {

/* Begin PBXBuildFile section */
		CE06054A1FDDDFFC00A90D8A /* AboutViewController.swift in Sources */ = {isa = PBXBuildFile; fileRef = CE0605491FDDDFFC00A90D8A /* AboutViewController.swift */; };
		CE06054C1FDEBF8600A90D8A /* BullsEye.html in Resources */ = {isa = PBXBuildFile; fileRef = CE06054B1FDEBF8600A90D8A /* BullsEye.html */; };
		CEE931CD1FDADE0A00CC2C20 /* AppDelegate.swift in Sources */ = {isa = PBXBuildFile; fileRef = CEE931CC1FDADE0A00CC2C20 /* AppDelegate.swift */; };
		CEE931CF1FDADE0A00CC2C20 /* ViewController.swift in Sources */ = {isa = PBXBuildFile; fileRef = CEE931CE1FDADE0A00CC2C20 /* ViewController.swift */; };
		CEE931D21FDADE0A00CC2C20 /* Main.storyboard in Resources */ = {isa = PBXBuildFile; fileRef = CEE931D01FDADE0A00CC2C20 /* Main.storyboard */; };
		CEE931D41FDADE0A00CC2C20 /* Assets.xcassets in Resources */ = {isa = PBXBuildFile; fileRef = CEE931D31FDADE0A00CC2C20 /* Assets.xcassets */; };
		CEE931D71FDADE0A00CC2C20 /* LaunchScreen.storyboard in Resources */ = {isa = PBXBuildFile; fileRef = CEE931D51FDADE0A00CC2C20 /* LaunchScreen.storyboard */; };
/* End PBXBuildFile section */

/* Begin PBXFileReference section */
		CE0605491FDDDFFC00A90D8A /* AboutViewController.swift */ = {isa = PBXFileReference; lastKnownFileType = sourcecode.swift; path = AboutViewController.swift; sourceTree = "<group>"; };
		CE06054B1FDEBF8600A90D8A /* BullsEye.html */ = {isa = PBXFileReference; fileEncoding = 4; lastKnownFileType = text.html; path = BullsEye.html; sourceTree = "<group>"; };
		CEE931C91FDADE0A00CC2C20 /* Bull'sEye.app */ = {isa = PBXFileReference; explicitFileType = wrapper.application; includeInIndex = 0; path = "Bull'sEye.app"; sourceTree = BUILT_PRODUCTS_DIR; };
		CEE931CC1FDADE0A00CC2C20 /* AppDelegate.swift */ = {isa = PBXFileReference; lastKnownFileType = sourcecode.swift; path = AppDelegate.swift; sourceTree = "<group>"; };
		CEE931CE1FDADE0A00CC2C20 /* ViewController.swift */ = {isa = PBXFileReference; lastKnownFileType = sourcecode.swift; path = ViewController.swift; sourceTree = "<group>"; };
		CEE931D11FDADE0A00CC2C20 /* Base */ = {isa = PBXFileReference; lastKnownFileType = file.storyboard; name = Base; path = Base.lproj/Main.storyboard; sourceTree = "<group>"; };
		CEE931D31FDADE0A00CC2C20 /* Assets.xcassets */ = {isa = PBXFileReference; lastKnownFileType = folder.assetcatalog; path = Assets.xcassets; sourceTree = "<group>"; };
		CEE931D61FDADE0A00CC2C20 /* Base */ = {isa = PBXFileReference; lastKnownFileType = file.storyboard; name = Base; path = Base.lproj/LaunchScreen.storyboard; sourceTree = "<group>"; };
		CEE931D81FDADE0A00CC2C20 /* Info.plist */ = {isa = PBXFileReference; lastKnownFileType = text.plist.xml; path = Info.plist; sourceTree = "<group>"; };
/* End PBXFileReference section */

/* Begin PBXFrameworksBuildPhase section */
		CEE931C61FDADE0A00CC2C20 /* Frameworks */ = {
			isa = PBXFrameworksBuildPhase;
			buildActionMask = 2147483647;
			files = (
			);
			runOnlyForDeploymentPostprocessing = 0;
		};
/* End PBXFrameworksBuildPhase section */

/* Begin PBXGroup section */
		CEE931C01FDADE0900CC2C20 = {
			isa = PBXGroup;
			children = (
				CEE931CB1FDADE0A00CC2C20 /* Bull'sEye */,
				CEE931CA1FDADE0A00CC2C20 /* Products */,
			);
			sourceTree = "<group>";
		};
		CEE931CA1FDADE0A00CC2C20 /* Products */ = {
			isa = PBXGroup;
			children = (
				CEE931C91FDADE0A00CC2C20 /* Bull'sEye.app */,
			);
			name = Products;
			sourceTree = "<group>";
		};
		CEE931CB1FDADE0A00CC2C20 /* Bull'sEye */ = {
			isa = PBXGroup;
			children = (
				CE06054B1FDEBF8600A90D8A /* BullsEye.html */,
				CEE931CC1FDADE0A00CC2C20 /* AppDelegate.swift */,
				CEE931CE1FDADE0A00CC2C20 /* ViewController.swift */,
				CE0605491FDDDFFC00A90D8A /* AboutViewController.swift */,
				CEE931D01FDADE0A00CC2C20 /* Main.storyboard */,
				CEE931D31FDADE0A00CC2C20 /* Assets.xcassets */,
				CEE931D51FDADE0A00CC2C20 /* LaunchScreen.storyboard */,
				CEE931D81FDADE0A00CC2C20 /* Info.plist */,
			);
			path = "Bull'sEye";
			sourceTree = "<group>";
		};
/* End PBXGroup section */

/* Begin PBXNativeTarget section */
		CEE931C81FDADE0A00CC2C20 /* Bull'sEye */ = {
			isa = PBXNativeTarget;
			buildConfigurationList = CEE931DB1FDADE0A00CC2C20 /* Build configuration list for PBXNativeTarget "Bull'sEye" */;
			buildPhases = (
				CEE931C51FDADE0A00CC2C20 /* Sources */,
				CEE931C61FDADE0A00CC2C20 /* Frameworks */,
				CEE931C71FDADE0A00CC2C20 /* Resources */,
			);
			buildRules = (
			);
			dependencies = (
			);
			name = "Bull'sEye";
			productName = "Bull'sEye";
			productReference = CEE931C91FDADE0A00CC2C20 /* Bull'sEye.app */;
			productType = "com.apple.product-type.application";
		};
/* End PBXNativeTarget section */

/* Begin PBXProject section */
		CEE931C11FDADE0A00CC2C20 /* Project object */ = {
			isa = PBXProject;
			attributes = {
				LastSwiftUpdateCheck = 0910;
				LastUpgradeCheck = 0910;
				ORGANIZATIONNAME = "Егор";
				TargetAttributes = {
					CEE931C81FDADE0A00CC2C20 = {
						CreatedOnToolsVersion = 9.1;
						ProvisioningStyle = Automatic;
					};
				};
			};
			buildConfigurationList = CEE931C41FDADE0A00CC2C20 /* Build configuration list for PBXProject "Bull'sEye" */;
			compatibilityVersion = "Xcode 8.0";
			developmentRegion = en;
			hasScannedForEncodings = 0;
			knownRegions = (
				en,
				Base,
			);
			mainGroup = CEE931C01FDADE0900CC2C20;
			productRefGroup = CEE931CA1FDADE0A00CC2C20 /* Products */;
			projectDirPath = "";
			projectRoot = "";
			targets = (
				CEE931C81FDADE0A00CC2C20 /* Bull'sEye */,
			);
		};
/* End PBXProject section */

/* Begin PBXResourcesBuildPhase section */
		CEE931C71FDADE0A00CC2C20 /* Resources */ = {
			isa = PBXResourcesBuildPhase;
			buildActionMask = 2147483647;
			files = (
				CEE931D71FDADE0A00CC2C20 /* LaunchScreen.storyboard in Resources */,
				CE06054C1FDEBF8600A90D8A /* BullsEye.html in Resources */,
				CEE931D41FDADE0A00CC2C20 /* Assets.xcassets in Resources */,
				CEE931D21FDADE0A00CC2C20 /* Main.storyboard in Resources */,
			);
			runOnlyForDeploymentPostprocessing = 0;
		};
/* End PBXResourcesBuildPhase section */

/* Begin PBXSourcesBuildPhase section */
		CEE931C51FDADE0A00CC2C20 /* Sources */ = {
			isa = PBXSourcesBuildPhase;
			buildActionMask = 2147483647;
			files = (
				CE06054A1FDDDFFC00A90D8A /* AboutViewController.swift in Sources */,
				CEE931CF1FDADE0A00CC2C20 /* ViewController.swift in Sources */,
				CEE931CD1FDADE0A00CC2C20 /* AppDelegate.swift in Sources */,
			);
			runOnlyForDeploymentPostprocessing = 0;
		};
/* End PBXSourcesBuildPhase section */

/* Begin PBXVariantGroup section */
		CEE931D01FDADE0A00CC2C20 /* Main.storyboard */ = {
			isa = PBXVariantGroup;
			children = (
				CEE931D11FDADE0A00CC2C20 /* Base */,
			);
			name = Main.storyboard;
			sourceTree = "<group>";
		};
		CEE931D51FDADE0A00CC2C20 /* LaunchScreen.storyboard */ = {
			isa = PBXVariantGroup;
			children = (
				CEE931D61FDADE0A00CC2C20 /* Base */,
			);
			name = LaunchScreen.storyboard;
			sourceTree = "<group>";
		};
/* End PBXVariantGroup section */

/* Begin XCBuildConfiguration section */
		CEE931D91FDADE0A00CC2C20 /* Debug */ = {
			isa = XCBuildConfiguration;
			buildSettings = {
				ALWAYS_SEARCH_USER_PATHS = NO;
				CLANG_ANALYZER_NONNULL = YES;
				CLANG_ANALYZER_NUMBER_OBJECT_CONVERSION = YES_AGGRESSIVE;
				CLANG_CXX_LANGUAGE_STANDARD = "gnu++14";
				CLANG_CXX_LIBRARY = "libc++";
				CLANG_ENABLE_MODULES = YES;
				CLANG_ENABLE_OBJC_ARC = YES;
				CLANG_WARN_BLOCK_CAPTURE_AUTORELEASING = YES;
				CLANG_WARN_BOOL_CONVERSION = YES;
				CLANG_WARN_COMMA = YES;
				CLANG_WARN_CONSTANT_CONVERSION = YES;
				CLANG_WARN_DIRECT_OBJC_ISA_USAGE = YES_ERROR;
				CLANG_WARN_DOCUMENTATION_COMMENTS = YES;
				CLANG_WARN_EMPTY_BODY = YES;
				CLANG_WARN_ENUM_CONVERSION = YES;
				CLANG_WARN_INFINITE_RECURSION = YES;
				CLANG_WARN_INT_CONVERSION = YES;
				CLANG_WARN_NON_LITERAL_NULL_CONVERSION = YES;
				CLANG_WARN_OBJC_LITERAL_CONVERSION = YES;
				CLANG_WARN_OBJC_ROOT_CLASS = YES_ERROR;
				CLANG_WARN_RANGE_LOOP_ANALYSIS = YES;
				CLANG_WARN_STRICT_PROTOTYPES = YES;
				CLANG_WARN_SUSPICIOUS_MOVE = YES;
				CLANG_WARN_UNGUARDED_AVAILABILITY = YES_AGGRESSIVE;
				CLANG_WARN_UNREACHABLE_CODE = YES;
				CLANG_WARN__DUPLICATE_METHOD_MATCH = YES;
				CODE_SIGN_IDENTITY = "iPhone Developer";
				COPY_PHASE_STRIP = NO;
				DEBUG_INFORMATION_FORMAT = dwarf;
				ENABLE_STRICT_OBJC_MSGSEND = YES;
				ENABLE_TESTABILITY = YES;
				GCC_C_LANGUAGE_STANDARD = gnu11;
				GCC_DYNAMIC_NO_PIC = NO;
				GCC_NO_COMMON_BLOCKS = YES;
				GCC_OPTIMIZATION_LEVEL = 0;
				GCC_PREPROCESSOR_DEFINITIONS = (
					"DEBUG=1",
					"$(inherited)",
				);
				GCC_WARN_64_TO_32_BIT_CONVERSION = YES;
				GCC_WARN_ABOUT_RETURN_TYPE = YES_ERROR;
				GCC_WARN_UNDECLARED_SELECTOR = YES;
				GCC_WARN_UNINITIALIZED_AUTOS = YES_AGGRESSIVE;
				GCC_WARN_UNUSED_FUNCTION = YES;
				GCC_WARN_UNUSED_VARIABLE = YES;
				IPHONEOS_DEPLOYMENT_TARGET = 11.1;
				MTL_ENABLE_DEBUG_INFO = YES;
				ONLY_ACTIVE_ARCH = YES;
				SDKROOT = iphoneos;
				SWIFT_ACTIVE_COMPILATION_CONDITIONS = DEBUG;
				SWIFT_OPTIMIZATION_LEVEL = "-Onone";
			};
			name = Debug;
		};
		CEE931DA1FDADE0A00CC2C20 /* Release */ = {
			isa = XCBuildConfiguration;
			buildSettings = {
				ALWAYS_SEARCH_USER_PATHS = NO;
				CLANG_ANALYZER_NONNULL = YES;
				CLANG_ANALYZER_NUMBER_OBJECT_CONVERSION = YES_AGGRESSIVE;
				CLANG_CXX_LANGUAGE_STANDARD = "gnu++14";
				CLANG_CXX_LIBRARY = "libc++";
				CLANG_ENABLE_MODULES = YES;
				CLANG_ENABLE_OBJC_ARC = YES;
				CLANG_WARN_BLOCK_CAPTURE_AUTORELEASING = YES;
				CLANG_WARN_BOOL_CONVERSION = YES;
				CLANG_WARN_COMMA = YES;
				CLANG_WARN_CONSTANT_CONVERSION = YES;
				CLANG_WARN_DIRECT_OBJC_ISA_USAGE = YES_ERROR;
				CLANG_WARN_DOCUMENTATION_COMMENTS = YES;
				CLANG_WARN_EMPTY_BODY = YES;
				CLANG_WARN_ENUM_CONVERSION = YES;
				CLANG_WARN_INFINITE_RECURSION = YES;
				CLANG_WARN_INT_CONVERSION = YES;
				CLANG_WARN_NON_LITERAL_NULL_CONVERSION = YES;
				CLANG_WARN_OBJC_LITERAL_CONVERSION = YES;
				CLANG_WARN_OBJC_ROOT_CLASS = YES_ERROR;
				CLANG_WARN_RANGE_LOOP_ANALYSIS = YES;
				CLANG_WARN_STRICT_PROTOTYPES = YES;
				CLANG_WARN_SUSPICIOUS_MOVE = YES;
				CLANG_WARN_UNGUARDED_AVAILABILITY = YES_AGGRESSIVE;
				CLANG_WARN_UNREACHABLE_CODE = YES;
				CLANG_WARN__DUPLICATE_METHOD_MATCH = YES;
				CODE_SIGN_IDENTITY = "iPhone Developer";
				COPY_PHASE_STRIP = NO;
				DEBUG_INFORMATION_FORMAT = "dwarf-with-dsym";
				ENABLE_NS_ASSERTIONS = NO;
				ENABLE_STRICT_OBJC_MSGSEND = YES;
				GCC_C_LANGUAGE_STANDARD = gnu11;
				GCC_NO_COMMON_BLOCKS = YES;
				GCC_WARN_64_TO_32_BIT_CONVERSION = YES;
				GCC_WARN_ABOUT_RETURN_TYPE = YES_ERROR;
				GCC_WARN_UNDECLARED_SELECTOR = YES;
				GCC_WARN_UNINITIALIZED_AUTOS = YES_AGGRESSIVE;
				GCC_WARN_UNUSED_FUNCTION = YES;
				GCC_WARN_UNUSED_VARIABLE = YES;
				IPHONEOS_DEPLOYMENT_TARGET = 11.1;
				MTL_ENABLE_DEBUG_INFO = NO;
				SDKROOT = iphoneos;
				SWIFT_OPTIMIZATION_LEVEL = "-Owholemodule";
				VALIDATE_PRODUCT = YES;
			};
			name = Release;
		};
		CEE931DC1FDADE0A00CC2C20 /* Debug */ = {
			isa = XCBuildConfiguration;
			buildSettings = {
				ASSETCATALOG_COMPILER_APPICON_NAME = AppIcon;
				CODE_SIGN_STYLE = Automatic;
				DEVELOPMENT_TEAM = PF59587Y3F;
				INFOPLIST_FILE = "Bull'sEye/Info.plist";
				LD_RUNPATH_SEARCH_PATHS = "$(inherited) @executable_path/Frameworks";
				PRODUCT_BUNDLE_IDENTIFIER = "billionare-found.Bull-sEye";
				PRODUCT_NAME = "$(TARGET_NAME)";
				SWIFT_VERSION = 4.0;
				TARGETED_DEVICE_FAMILY = "1,2";
			};
			name = Debug;
		};
		CEE931DD1FDADE0A00CC2C20 /* Release */ = {
			isa = XCBuildConfiguration;
			buildSettings = {
				ASSETCATALOG_COMPILER_APPICON_NAME = AppIcon;
				CODE_SIGN_STYLE = Automatic;
				DEVELOPMENT_TEAM = PF59587Y3F;
				INFOPLIST_FILE = "Bull'sEye/Info.plist";
				LD_RUNPATH_SEARCH_PATHS = "$(inherited) @executable_path/Frameworks";
				PRODUCT_BUNDLE_IDENTIFIER = "billionare-found.Bull-sEye";
				PRODUCT_NAME = "$(TARGET_NAME)";
				SWIFT_VERSION = 4.0;
				TARGETED_DEVICE_FAMILY = "1,2";
			};
			name = Release;
		};
/* End XCBuildConfiguration section */

/* Begin XCConfigurationList section */
		CEE931C41FDADE0A00CC2C20 /* Build configuration list for PBXProject "Bull'sEye" */ = {
			isa = XCConfigurationList;
			buildConfigurations = (
				CEE931D91FDADE0A00CC2C20 /* Debug */,
				CEE931DA1FDADE0A00CC2C20 /* Release */,
			);
			defaultConfigurationIsVisible = 0;
			defaultConfigurationName = Release;
		};
		CEE931DB1FDADE0A00CC2C20 /* Build configuration list for PBXNativeTarget "Bull'sEye" */ = {
			isa = XCConfigurationList;
			buildConfigurations = (
				CEE931DC1FDADE0A00CC2C20 /* Debug */,
				CEE931DD1FDADE0A00CC2C20 /* Release */,
			);
			defaultConfigurationIsVisible = 0;
			defaultConfigurationName = Release;
		};
/* End XCConfigurationList section */
	};
	rootObject = CEE931C11FDADE0A00CC2C20 /* Project object */;
}
